
Microsoft Visual Studio Solution File, Format Version 12.00
# Visual Studio 2013
VisualStudioVersion = 12.0.31101.0
MinimumVisualStudioVersion = 10.0.40219.1
Project("{FAE04EC0-301F-11D3-BF4B-00C04F79EFBC}") = "clowning.blyncclient", "src\clowning.blyncclient\clowning.blyncclient.csproj", "{C2DBBA8E-CE11-4D5B-B790-399327C5213C}"
EndProject
Project("{2150E333-8FDC-42A3-9474-1A3956D46DE8}") = "tests", "tests", "{A6056255-447F-4A9A-BDF1-06EA1275FCFE}"
EndProject
Project("{FAE04EC0-301F-11D3-BF4B-00C04F79EFBC}") = "clowning.blyncclient.tests", "src\clowning.blyncclient.tests\clowning.blyncclient.tests.csproj", "{8AE4C165-D9BF-4366-98E4-7F692CDDC58A}"
EndProject
Project("{FAE04EC0-301F-11D3-BF4B-00C04F79EFBC}") = "clowning.standaloneconsole", "src\clowning.standaloneconsole\clowning.standaloneconsole.csproj", "{90223AA3-5691-48FB-92C2-4022938C28D8}"
EndProject
Project("{FAE04EC0-301F-11D3-BF4B-00C04F79EFBC}") = "clowning.communicationsprotocol", "src\clowning.communicationsprotocol\clowning.communicationsprotocol.csproj", "{3701F392-6640-4F23-9871-973F72B72D02}"
EndProject
Project("{FAE04EC0-301F-11D3-BF4B-00C04F79EFBC}") = "clowning.communicationsprotocol.tests", "src\clowning.communicationsprotocol.tests\clowning.communicationsprotocol.tests.csproj", "{678A8613-CB6D-4B6C-9595-EB110352BB80}"
EndProject
Project("{FAE04EC0-301F-11D3-BF4B-00C04F79EFBC}") = "clowning.slave", "src\clowning.slave\clowning.slave.csproj", "{0FFF47CD-A7C3-47F8-BFB8-D21CB6136CFC}"
EndProject
Project("{FAE04EC0-301F-11D3-BF4B-00C04F79EFBC}") = "clowning.master", "src\clowning.master\clowning.master.csproj", "{3DFB822D-83ED-4E06-8B3B-902523F6C9D3}"
EndProject
Project("{FAE04EC0-301F-11D3-BF4B-00C04F79EFBC}") = "clowning.standalonerainbow", "src\clowning.standalonerainbow\clowning.standalonerainbow.csproj", "{035DA216-1EF9-4245-896D-D0694B920BE7}"
EndProject
Global
	GlobalSection(SolutionConfigurationPlatforms) = preSolution
		Debug|Any CPU = Debug|Any CPU
		Debug|Mixed Platforms = Debug|Mixed Platforms
		Debug|x86 = Debug|x86
		Release|Any CPU = Release|Any CPU
		Release|Mixed Platforms = Release|Mixed Platforms
		Release|x86 = Release|x86
	EndGlobalSection
	GlobalSection(ProjectConfigurationPlatforms) = postSolution
		{C2DBBA8E-CE11-4D5B-B790-399327C5213C}.Debug|Any CPU.ActiveCfg = Debug|x86
		{C2DBBA8E-CE11-4D5B-B790-399327C5213C}.Debug|Mixed Platforms.ActiveCfg = Debug|x86
		{C2DBBA8E-CE11-4D5B-B790-399327C5213C}.Debug|Mixed Platforms.Build.0 = Debug|x86
		{C2DBBA8E-CE11-4D5B-B790-399327C5213C}.Debug|x86.ActiveCfg = Debug|x86
		{C2DBBA8E-CE11-4D5B-B790-399327C5213C}.Debug|x86.Build.0 = Debug|x86
		{C2DBBA8E-CE11-4D5B-B790-399327C5213C}.Release|Any CPU.ActiveCfg = Release|x86
		{C2DBBA8E-CE11-4D5B-B790-399327C5213C}.Release|Mixed Platforms.ActiveCfg = Release|x86
		{C2DBBA8E-CE11-4D5B-B790-399327C5213C}.Release|Mixed Platforms.Build.0 = Release|x86
		{C2DBBA8E-CE11-4D5B-B790-399327C5213C}.Release|x86.ActiveCfg = Release|x86
		{C2DBBA8E-CE11-4D5B-B790-399327C5213C}.Release|x86.Build.0 = Release|x86
		{8AE4C165-D9BF-4366-98E4-7F692CDDC58A}.Debug|Any CPU.ActiveCfg = Debug|x86
		{8AE4C165-D9BF-4366-98E4-7F692CDDC58A}.Debug|Mixed Platforms.ActiveCfg = Debug|x86
		{8AE4C165-D9BF-4366-98E4-7F692CDDC58A}.Debug|Mixed Platforms.Build.0 = Debug|x86
		{8AE4C165-D9BF-4366-98E4-7F692CDDC58A}.Debug|x86.ActiveCfg = Debug|x86
		{8AE4C165-D9BF-4366-98E4-7F692CDDC58A}.Debug|x86.Build.0 = Debug|x86
		{8AE4C165-D9BF-4366-98E4-7F692CDDC58A}.Release|Any CPU.ActiveCfg = Release|x86
		{8AE4C165-D9BF-4366-98E4-7F692CDDC58A}.Release|Mixed Platforms.ActiveCfg = Release|x86
		{8AE4C165-D9BF-4366-98E4-7F692CDDC58A}.Release|Mixed Platforms.Build.0 = Release|x86
		{8AE4C165-D9BF-4366-98E4-7F692CDDC58A}.Release|x86.ActiveCfg = Release|x86
		{8AE4C165-D9BF-4366-98E4-7F692CDDC58A}.Release|x86.Build.0 = Release|x86
		{90223AA3-5691-48FB-92C2-4022938C28D8}.Debug|Any CPU.ActiveCfg = Debug|x86
		{90223AA3-5691-48FB-92C2-4022938C28D8}.Debug|Mixed Platforms.ActiveCfg = Debug|x86
		{90223AA3-5691-48FB-92C2-4022938C28D8}.Debug|Mixed Platforms.Build.0 = Debug|x86
		{90223AA3-5691-48FB-92C2-4022938C28D8}.Debug|x86.ActiveCfg = Debug|x86
		{90223AA3-5691-48FB-92C2-4022938C28D8}.Debug|x86.Build.0 = Debug|x86
		{90223AA3-5691-48FB-92C2-4022938C28D8}.Release|Any CPU.ActiveCfg = Release|x86
		{90223AA3-5691-48FB-92C2-4022938C28D8}.Release|Mixed Platforms.ActiveCfg = Release|x86
		{90223AA3-5691-48FB-92C2-4022938C28D8}.Release|Mixed Platforms.Build.0 = Release|x86
		{90223AA3-5691-48FB-92C2-4022938C28D8}.Release|x86.ActiveCfg = Release|x86
		{90223AA3-5691-48FB-92C2-4022938C28D8}.Release|x86.Build.0 = Release|x86
		{3701F392-6640-4F23-9871-973F72B72D02}.Debug|Any CPU.ActiveCfg = Debug|x86
		{3701F392-6640-4F23-9871-973F72B72D02}.Debug|Mixed Platforms.ActiveCfg = Debug|x86
		{3701F392-6640-4F23-9871-973F72B72D02}.Debug|Mixed Platforms.Build.0 = Debug|x86
		{3701F392-6640-4F23-9871-973F72B72D02}.Debug|x86.ActiveCfg = Debug|x86
		{3701F392-6640-4F23-9871-973F72B72D02}.Debug|x86.Build.0 = Debug|x86
		{3701F392-6640-4F23-9871-973F72B72D02}.Release|Any CPU.ActiveCfg = Release|x86
		{3701F392-6640-4F23-9871-973F72B72D02}.Release|Mixed Platforms.ActiveCfg = Release|x86
		{3701F392-6640-4F23-9871-973F72B72D02}.Release|Mixed Platforms.Build.0 = Release|x86
		{3701F392-6640-4F23-9871-973F72B72D02}.Release|x86.ActiveCfg = Release|x86
		{3701F392-6640-4F23-9871-973F72B72D02}.Release|x86.Build.0 = Release|x86
		{678A8613-CB6D-4B6C-9595-EB110352BB80}.Debug|Any CPU.ActiveCfg = Debug|x86
		{678A8613-CB6D-4B6C-9595-EB110352BB80}.Debug|Mixed Platforms.ActiveCfg = Debug|x86
		{678A8613-CB6D-4B6C-9595-EB110352BB80}.Debug|Mixed Platforms.Build.0 = Debug|x86
		{678A8613-CB6D-4B6C-9595-EB110352BB80}.Debug|x86.ActiveCfg = Debug|x86
		{678A8613-CB6D-4B6C-9595-EB110352BB80}.Debug|x86.Build.0 = Debug|x86
		{678A8613-CB6D-4B6C-9595-EB110352BB80}.Release|Any CPU.ActiveCfg = Release|x86
		{678A8613-CB6D-4B6C-9595-EB110352BB80}.Release|Mixed Platforms.ActiveCfg = Release|x86
		{678A8613-CB6D-4B6C-9595-EB110352BB80}.Release|Mixed Platforms.Build.0 = Release|x86
		{678A8613-CB6D-4B6C-9595-EB110352BB80}.Release|x86.ActiveCfg = Release|x86
		{678A8613-CB6D-4B6C-9595-EB110352BB80}.Release|x86.Build.0 = Release|x86
		{0FFF47CD-A7C3-47F8-BFB8-D21CB6136CFC}.Debug|Any CPU.ActiveCfg = Debug|x86
		{0FFF47CD-A7C3-47F8-BFB8-D21CB6136CFC}.Debug|Mixed Platforms.ActiveCfg = Debug|x86
		{0FFF47CD-A7C3-47F8-BFB8-D21CB6136CFC}.Debug|Mixed Platforms.Build.0 = Debug|x86
		{0FFF47CD-A7C3-47F8-BFB8-D21CB6136CFC}.Debug|x86.ActiveCfg = Debug|x86
		{0FFF47CD-A7C3-47F8-BFB8-D21CB6136CFC}.Debug|x86.Build.0 = Debug|x86
		{0FFF47CD-A7C3-47F8-BFB8-D21CB6136CFC}.Release|Any CPU.ActiveCfg = Release|x86
		{0FFF47CD-A7C3-47F8-BFB8-D21CB6136CFC}.Release|Mixed Platforms.ActiveCfg = Release|x86
		{0FFF47CD-A7C3-47F8-BFB8-D21CB6136CFC}.Release|Mixed Platforms.Build.0 = Release|x86
		{0FFF47CD-A7C3-47F8-BFB8-D21CB6136CFC}.Release|x86.ActiveCfg = Release|x86
		{0FFF47CD-A7C3-47F8-BFB8-D21CB6136CFC}.Release|x86.Build.0 = Release|x86
		{3DFB822D-83ED-4E06-8B3B-902523F6C9D3}.Debug|Any CPU.ActiveCfg = Debug|x86
		{3DFB822D-83ED-4E06-8B3B-902523F6C9D3}.Debug|Mixed Platforms.ActiveCfg = Debug|x86
		{3DFB822D-83ED-4E06-8B3B-902523F6C9D3}.Debug|Mixed Platforms.Build.0 = Debug|x86
		{3DFB822D-83ED-4E06-8B3B-902523F6C9D3}.Debug|x86.ActiveCfg = Debug|x86
		{3DFB822D-83ED-4E06-8B3B-902523F6C9D3}.Debug|x86.Build.0 = Debug|x86
		{3DFB822D-83ED-4E06-8B3B-902523F6C9D3}.Release|Any CPU.ActiveCfg = Release|x86
		{3DFB822D-83ED-4E06-8B3B-902523F6C9D3}.Release|Mixed Platforms.ActiveCfg = Release|x86
		{3DFB822D-83ED-4E06-8B3B-902523F6C9D3}.Release|Mixed Platforms.Build.0 = Release|x86
		{3DFB822D-83ED-4E06-8B3B-902523F6C9D3}.Release|x86.ActiveCfg = Release|x86
		{3DFB822D-83ED-4E06-8B3B-902523F6C9D3}.Release|x86.Build.0 = Release|x86
		{035DA216-1EF9-4245-896D-D0694B920BE7}.Debug|Any CPU.ActiveCfg = Debug|Any CPU
		{035DA216-1EF9-4245-896D-D0694B920BE7}.Debug|Any CPU.Build.0 = Debug|Any CPU
		{035DA216-1EF9-4245-896D-D0694B920BE7}.Debug|Mixed Platforms.ActiveCfg = Debug|Any CPU
		{035DA216-1EF9-4245-896D-D0694B920BE7}.Debug|Mixed Platforms.Build.0 = Debug|Any CPU
		{035DA216-1EF9-4245-896D-D0694B920BE7}.Debug|x86.ActiveCfg = Debug|Any CPU
		{035DA216-1EF9-4245-896D-D0694B920BE7}.Release|Any CPU.ActiveCfg = Release|Any CPU
		{035DA216-1EF9-4245-896D-D0694B920BE7}.Release|Any CPU.Build.0 = Release|Any CPU
		{035DA216-1EF9-4245-896D-D0694B920BE7}.Release|Mixed Platforms.ActiveCfg = Release|Any CPU
		{035DA216-1EF9-4245-896D-D0694B920BE7}.Release|Mixed Platforms.Build.0 = Release|Any CPU
		{035DA216-1EF9-4245-896D-D0694B920BE7}.Release|x86.ActiveCfg = Release|Any CPU
	EndGlobalSection
	GlobalSection(SolutionProperties) = preSolution
		HideSolutionNode = FALSE
	EndGlobalSection
	GlobalSection(NestedProjects) = preSolution
		{8AE4C165-D9BF-4366-98E4-7F692CDDC58A} = {A6056255-447F-4A9A-BDF1-06EA1275FCFE}
		{678A8613-CB6D-4B6C-9595-EB110352BB80} = {A6056255-447F-4A9A-BDF1-06EA1275FCFE}
	EndGlobalSection
EndGlobal
